
Microsoft Visual Studio Solution File, Format Version 12.00
Project("{2150E333-8FDC-42A3-9474-1A3956D46DE8}") = "01_Effective Logging", "01_Effective Logging", "{4A8AEDF8-0105-41FF-9B7E-49594F496086}"
EndProject
Project("{2150E333-8FDC-42A3-9474-1A3956D46DE8}") = "02_Modular Monoliths", "02_Modular Monoliths", "{87D8F9DF-5330-4BAB-9653-0C16A249FC18}"
EndProject
Project("{2150E333-8FDC-42A3-9474-1A3956D46DE8}") = "Hosts", "Hosts", "{37DAEE57-6364-4158-9EBC-ECA8455150D1}"
EndProject
Project("{FAE04EC0-301F-11D3-BF4B-00C04F79EFBC}") = "EffectiveLogging.App", "src\Apps\01_EffectiveLogging\EffectiveLogging.App\EffectiveLogging.App.csproj", "{206F75D8-8055-4AB1-9177-6720FE822CE4}"
EndProject
Project("{FAE04EC0-301F-11D3-BF4B-00C04F79EFBC}") = "Logging", "src\Apps\01_EffectiveLogging\Logging\Logging.csproj", "{50488632-EC9F-4F75-8AEF-1E8631CFD7CB}"
EndProject
Project("{2150E333-8FDC-42A3-9474-1A3956D46DE8}") = "Modules", "Modules", "{60ED909B-180B-4D94-AA17-EF443ABEF0B0}"
EndProject
Project("{FAE04EC0-301F-11D3-BF4B-00C04F79EFBC}") = "Monolith.Module1", "src\Apps\02_ModularMonoliths\Monolith.Module1\Monolith.Module1.csproj", "{50182A97-F33A-4926-99A9-CA278DFE36B1}"
EndProject
Project("{FAE04EC0-301F-11D3-BF4B-00C04F79EFBC}") = "Monolith.App", "src\Apps\02_ModularMonoliths\Monolith.App\Monolith.App.csproj", "{C73CACC3-8581-44AC-B3E6-7E5832F14BDF}"
EndProject
Project("{FAE04EC0-301F-11D3-BF4B-00C04F79EFBC}") = "Monolith.Core", "src\Apps\02_ModularMonoliths\Monolith.Core\Monolith.Core.csproj", "{62B2F3BA-B9B2-4D18-A1ED-6AA31B55C8A4}"
EndProject
Project("{2150E333-8FDC-42A3-9474-1A3956D46DE8}") = "Frameworks", "Frameworks", "{EEF38D25-2BBF-4ED1-A8A1-21AFBDD36557}"
EndProject
Global
	GlobalSection(SolutionConfigurationPlatforms) = preSolution
		Debug|Any CPU = Debug|Any CPU
		Release|Any CPU = Release|Any CPU
	EndGlobalSection
	GlobalSection(ProjectConfigurationPlatforms) = postSolution
		{206F75D8-8055-4AB1-9177-6720FE822CE4}.Debug|Any CPU.ActiveCfg = Debug|Any CPU
		{206F75D8-8055-4AB1-9177-6720FE822CE4}.Debug|Any CPU.Build.0 = Debug|Any CPU
		{206F75D8-8055-4AB1-9177-6720FE822CE4}.Release|Any CPU.ActiveCfg = Release|Any CPU
		{206F75D8-8055-4AB1-9177-6720FE822CE4}.Release|Any CPU.Build.0 = Release|Any CPU
		{50488632-EC9F-4F75-8AEF-1E8631CFD7CB}.Debug|Any CPU.ActiveCfg = Debug|Any CPU
		{50488632-EC9F-4F75-8AEF-1E8631CFD7CB}.Debug|Any CPU.Build.0 = Debug|Any CPU
		{50488632-EC9F-4F75-8AEF-1E8631CFD7CB}.Release|Any CPU.ActiveCfg = Release|Any CPU
		{50488632-EC9F-4F75-8AEF-1E8631CFD7CB}.Release|Any CPU.Build.0 = Release|Any CPU
		{50182A97-F33A-4926-99A9-CA278DFE36B1}.Debug|Any CPU.ActiveCfg = Debug|Any CPU
		{50182A97-F33A-4926-99A9-CA278DFE36B1}.Debug|Any CPU.Build.0 = Debug|Any CPU
		{50182A97-F33A-4926-99A9-CA278DFE36B1}.Release|Any CPU.ActiveCfg = Release|Any CPU
		{50182A97-F33A-4926-99A9-CA278DFE36B1}.Release|Any CPU.Build.0 = Release|Any CPU
		{C73CACC3-8581-44AC-B3E6-7E5832F14BDF}.Debug|Any CPU.ActiveCfg = Debug|Any CPU
		{C73CACC3-8581-44AC-B3E6-7E5832F14BDF}.Debug|Any CPU.Build.0 = Debug|Any CPU
		{C73CACC3-8581-44AC-B3E6-7E5832F14BDF}.Release|Any CPU.ActiveCfg = Release|Any CPU
		{C73CACC3-8581-44AC-B3E6-7E5832F14BDF}.Release|Any CPU.Build.0 = Release|Any CPU
		{62B2F3BA-B9B2-4D18-A1ED-6AA31B55C8A4}.Debug|Any CPU.ActiveCfg = Debug|Any CPU
		{62B2F3BA-B9B2-4D18-A1ED-6AA31B55C8A4}.Debug|Any CPU.Build.0 = Debug|Any CPU
		{62B2F3BA-B9B2-4D18-A1ED-6AA31B55C8A4}.Release|Any CPU.ActiveCfg = Release|Any CPU
		{62B2F3BA-B9B2-4D18-A1ED-6AA31B55C8A4}.Release|Any CPU.Build.0 = Release|Any CPU
	EndGlobalSection
	GlobalSection(NestedProjects) = preSolution
		{37DAEE57-6364-4158-9EBC-ECA8455150D1} = {87D8F9DF-5330-4BAB-9653-0C16A249FC18}
		{206F75D8-8055-4AB1-9177-6720FE822CE4} = {4A8AEDF8-0105-41FF-9B7E-49594F496086}
		{50488632-EC9F-4F75-8AEF-1E8631CFD7CB} = {4A8AEDF8-0105-41FF-9B7E-49594F496086}
		{60ED909B-180B-4D94-AA17-EF443ABEF0B0} = {87D8F9DF-5330-4BAB-9653-0C16A249FC18}
		{50182A97-F33A-4926-99A9-CA278DFE36B1} = {60ED909B-180B-4D94-AA17-EF443ABEF0B0}
		{C73CACC3-8581-44AC-B3E6-7E5832F14BDF} = {37DAEE57-6364-4158-9EBC-ECA8455150D1}
		{EEF38D25-2BBF-4ED1-A8A1-21AFBDD36557} = {87D8F9DF-5330-4BAB-9653-0C16A249FC18}
		{62B2F3BA-B9B2-4D18-A1ED-6AA31B55C8A4} = {EEF38D25-2BBF-4ED1-A8A1-21AFBDD36557}
	EndGlobalSection
EndGlobal
