
Microsoft Visual Studio Solution File, Format Version 12.00
Project("{2150E333-8FDC-42A3-9474-1A3956D46DE8}") = "01 Effective Logging", "01 Effective Logging", "{4A8AEDF8-0105-41FF-9B7E-49594F496086}"
EndProject
Project("{2150E333-8FDC-42A3-9474-1A3956D46DE8}") = "02 Modular Monoliths", "02 Modular Monoliths", "{87D8F9DF-5330-4BAB-9653-0C16A249FC18}"
EndProject
Project("{2150E333-8FDC-42A3-9474-1A3956D46DE8}") = "Hosts", "Hosts", "{37DAEE57-6364-4158-9EBC-ECA8455150D1}"
EndProject
Project("{FAE04EC0-301F-11D3-BF4B-00C04F79EFBC}") = "EffectiveLogging.App", "src\Apps\01_EffectiveLogging\EffectiveLogging.App\EffectiveLogging.App.csproj", "{206F75D8-8055-4AB1-9177-6720FE822CE4}"
EndProject
Project("{FAE04EC0-301F-11D3-BF4B-00C04F79EFBC}") = "Logging", "src\Apps\01_EffectiveLogging\Logging\Logging.csproj", "{50488632-EC9F-4F75-8AEF-1E8631CFD7CB}"
EndProject
Project("{2150E333-8FDC-42A3-9474-1A3956D46DE8}") = "Modules", "Modules", "{60ED909B-180B-4D94-AA17-EF443ABEF0B0}"
EndProject
Project("{FAE04EC0-301F-11D3-BF4B-00C04F79EFBC}") = "Monolith.Module1", "src\Apps\02_ModularMonoliths\Monolith.Module1\Monolith.Module1.csproj", "{50182A97-F33A-4926-99A9-CA278DFE36B1}"
EndProject
Project("{FAE04EC0-301F-11D3-BF4B-00C04F79EFBC}") = "Monolith.App", "src\Apps\02_ModularMonoliths\Monolith.App\Monolith.App.csproj", "{C73CACC3-8581-44AC-B3E6-7E5832F14BDF}"
EndProject
Project("{FAE04EC0-301F-11D3-BF4B-00C04F79EFBC}") = "Monolith.Core", "src\Apps\02_ModularMonoliths\Monolith.Core\Monolith.Core.csproj", "{62B2F3BA-B9B2-4D18-A1ED-6AA31B55C8A4}"
EndProject
Project("{2150E333-8FDC-42A3-9474-1A3956D46DE8}") = "Frameworks", "Frameworks", "{EEF38D25-2BBF-4ED1-A8A1-21AFBDD36557}"
EndProject
Project("{2150E333-8FDC-42A3-9474-1A3956D46DE8}") = "Design Patterns", "Design Patterns", "{5B19FBE2-E344-4CBD-A2E7-2F576E8809FD}"
EndProject
Project("{FAE04EC0-301F-11D3-BF4B-00C04F79EFBC}") = "ObserverPatternDemo", "src\Apps\DesignPatterns\ObserverPatternDemo\ObserverPatternDemo.csproj", "{65882F60-3579-46E5-98FA-3390577BED40}"
EndProject
Project("{2150E333-8FDC-42A3-9474-1A3956D46DE8}") = "03 Integration Testing Best Practices", "03 Integration Testing Best Practices", "{A59EC4F1-6262-475A-8AC8-E2470B045601}"
EndProject
Project("{FAE04EC0-301F-11D3-BF4B-00C04F79EFBC}") = "SimulatedCloudSdk", "src\Apps\03_IntegrationTestingBestPractices\external\SimulatedCloudSdk\SimulatedCloudSdk.csproj", "{399B5C05-CE5D-4303-A3AC-92F5E2668C50}"
EndProject
Project("{FAE04EC0-301F-11D3-BF4B-00C04F79EFBC}") = "TennisBookings.Merchandise.Api", "src\Apps\03_IntegrationTestingBestPractices\TennisBookings.Merchandise.Api\TennisBookings.Merchandise.Api.csproj", "{C30B91B1-BA03-4A09-B9B3-92C77F4DA067}"
EndProject
Project("{FAE04EC0-301F-11D3-BF4B-00C04F79EFBC}") = "TennisBookings.Web", "src\Apps\03_IntegrationTestingBestPractices\TennisBookings.Web\TennisBookings.Web.csproj", "{71053134-0C51-421D-B025-D6929E0ACE3B}"
EndProject
Project("{FAE04EC0-301F-11D3-BF4B-00C04F79EFBC}") = "WeatherService.Api", "src\Apps\03_IntegrationTestingBestPractices\WeatherService.Api\WeatherService.Api.csproj", "{C2F417BC-5AED-4154-BA3B-4C32459BEAD3}"
EndProject
Project("{2150E333-8FDC-42A3-9474-1A3956D46DE8}") = "Apps", "Apps", "{5DEF02ED-8D01-4121-8561-A2E40C85E492}"
EndProject
Project("{2150E333-8FDC-42A3-9474-1A3956D46DE8}") = "Testings", "Testings", "{B794754F-BC2D-447B-9051-8B9C080FDDD9}"
EndProject
Project("{FAE04EC0-301F-11D3-BF4B-00C04F79EFBC}") = "TennisBookings.Merchandise.Api.IntegrationTests", "src\Apps\03_IntegrationTestingBestPractices\TennisBookings.Merchandise.Api.IntegrationTests\TennisBookings.Merchandise.Api.IntegrationTests.csproj", "{5EFB76B1-0E4B-4F67-9BA0-C49ED2427387}"
EndProject
Global
	GlobalSection(SolutionConfigurationPlatforms) = preSolution
		Debug|Any CPU = Debug|Any CPU
		Release|Any CPU = Release|Any CPU
	EndGlobalSection
	GlobalSection(ProjectConfigurationPlatforms) = postSolution
		{206F75D8-8055-4AB1-9177-6720FE822CE4}.Debug|Any CPU.ActiveCfg = Debug|Any CPU
		{206F75D8-8055-4AB1-9177-6720FE822CE4}.Debug|Any CPU.Build.0 = Debug|Any CPU
		{206F75D8-8055-4AB1-9177-6720FE822CE4}.Release|Any CPU.ActiveCfg = Release|Any CPU
		{206F75D8-8055-4AB1-9177-6720FE822CE4}.Release|Any CPU.Build.0 = Release|Any CPU
		{50488632-EC9F-4F75-8AEF-1E8631CFD7CB}.Debug|Any CPU.ActiveCfg = Debug|Any CPU
		{50488632-EC9F-4F75-8AEF-1E8631CFD7CB}.Debug|Any CPU.Build.0 = Debug|Any CPU
		{50488632-EC9F-4F75-8AEF-1E8631CFD7CB}.Release|Any CPU.ActiveCfg = Release|Any CPU
		{50488632-EC9F-4F75-8AEF-1E8631CFD7CB}.Release|Any CPU.Build.0 = Release|Any CPU
		{50182A97-F33A-4926-99A9-CA278DFE36B1}.Debug|Any CPU.ActiveCfg = Debug|Any CPU
		{50182A97-F33A-4926-99A9-CA278DFE36B1}.Debug|Any CPU.Build.0 = Debug|Any CPU
		{50182A97-F33A-4926-99A9-CA278DFE36B1}.Release|Any CPU.ActiveCfg = Release|Any CPU
		{50182A97-F33A-4926-99A9-CA278DFE36B1}.Release|Any CPU.Build.0 = Release|Any CPU
		{C73CACC3-8581-44AC-B3E6-7E5832F14BDF}.Debug|Any CPU.ActiveCfg = Debug|Any CPU
		{C73CACC3-8581-44AC-B3E6-7E5832F14BDF}.Debug|Any CPU.Build.0 = Debug|Any CPU
		{C73CACC3-8581-44AC-B3E6-7E5832F14BDF}.Release|Any CPU.ActiveCfg = Release|Any CPU
		{C73CACC3-8581-44AC-B3E6-7E5832F14BDF}.Release|Any CPU.Build.0 = Release|Any CPU
		{62B2F3BA-B9B2-4D18-A1ED-6AA31B55C8A4}.Debug|Any CPU.ActiveCfg = Debug|Any CPU
		{62B2F3BA-B9B2-4D18-A1ED-6AA31B55C8A4}.Debug|Any CPU.Build.0 = Debug|Any CPU
		{62B2F3BA-B9B2-4D18-A1ED-6AA31B55C8A4}.Release|Any CPU.ActiveCfg = Release|Any CPU
		{62B2F3BA-B9B2-4D18-A1ED-6AA31B55C8A4}.Release|Any CPU.Build.0 = Release|Any CPU
		{65882F60-3579-46E5-98FA-3390577BED40}.Debug|Any CPU.ActiveCfg = Debug|Any CPU
		{65882F60-3579-46E5-98FA-3390577BED40}.Debug|Any CPU.Build.0 = Debug|Any CPU
		{65882F60-3579-46E5-98FA-3390577BED40}.Release|Any CPU.ActiveCfg = Release|Any CPU
		{65882F60-3579-46E5-98FA-3390577BED40}.Release|Any CPU.Build.0 = Release|Any CPU
		{399B5C05-CE5D-4303-A3AC-92F5E2668C50}.Debug|Any CPU.ActiveCfg = Debug|Any CPU
		{399B5C05-CE5D-4303-A3AC-92F5E2668C50}.Debug|Any CPU.Build.0 = Debug|Any CPU
		{399B5C05-CE5D-4303-A3AC-92F5E2668C50}.Release|Any CPU.ActiveCfg = Release|Any CPU
		{399B5C05-CE5D-4303-A3AC-92F5E2668C50}.Release|Any CPU.Build.0 = Release|Any CPU
		{C30B91B1-BA03-4A09-B9B3-92C77F4DA067}.Debug|Any CPU.ActiveCfg = Debug|Any CPU
		{C30B91B1-BA03-4A09-B9B3-92C77F4DA067}.Debug|Any CPU.Build.0 = Debug|Any CPU
		{C30B91B1-BA03-4A09-B9B3-92C77F4DA067}.Release|Any CPU.ActiveCfg = Release|Any CPU
		{C30B91B1-BA03-4A09-B9B3-92C77F4DA067}.Release|Any CPU.Build.0 = Release|Any CPU
		{71053134-0C51-421D-B025-D6929E0ACE3B}.Debug|Any CPU.ActiveCfg = Debug|Any CPU
		{71053134-0C51-421D-B025-D6929E0ACE3B}.Debug|Any CPU.Build.0 = Debug|Any CPU
		{71053134-0C51-421D-B025-D6929E0ACE3B}.Release|Any CPU.ActiveCfg = Release|Any CPU
		{71053134-0C51-421D-B025-D6929E0ACE3B}.Release|Any CPU.Build.0 = Release|Any CPU
		{C2F417BC-5AED-4154-BA3B-4C32459BEAD3}.Debug|Any CPU.ActiveCfg = Debug|Any CPU
		{C2F417BC-5AED-4154-BA3B-4C32459BEAD3}.Debug|Any CPU.Build.0 = Debug|Any CPU
		{C2F417BC-5AED-4154-BA3B-4C32459BEAD3}.Release|Any CPU.ActiveCfg = Release|Any CPU
		{C2F417BC-5AED-4154-BA3B-4C32459BEAD3}.Release|Any CPU.Build.0 = Release|Any CPU
		{5EFB76B1-0E4B-4F67-9BA0-C49ED2427387}.Debug|Any CPU.ActiveCfg = Debug|Any CPU
		{5EFB76B1-0E4B-4F67-9BA0-C49ED2427387}.Debug|Any CPU.Build.0 = Debug|Any CPU
		{5EFB76B1-0E4B-4F67-9BA0-C49ED2427387}.Release|Any CPU.ActiveCfg = Release|Any CPU
		{5EFB76B1-0E4B-4F67-9BA0-C49ED2427387}.Release|Any CPU.Build.0 = Release|Any CPU
	EndGlobalSection
	GlobalSection(NestedProjects) = preSolution
		{37DAEE57-6364-4158-9EBC-ECA8455150D1} = {87D8F9DF-5330-4BAB-9653-0C16A249FC18}
		{206F75D8-8055-4AB1-9177-6720FE822CE4} = {4A8AEDF8-0105-41FF-9B7E-49594F496086}
		{50488632-EC9F-4F75-8AEF-1E8631CFD7CB} = {4A8AEDF8-0105-41FF-9B7E-49594F496086}
		{60ED909B-180B-4D94-AA17-EF443ABEF0B0} = {87D8F9DF-5330-4BAB-9653-0C16A249FC18}
		{50182A97-F33A-4926-99A9-CA278DFE36B1} = {60ED909B-180B-4D94-AA17-EF443ABEF0B0}
		{C73CACC3-8581-44AC-B3E6-7E5832F14BDF} = {37DAEE57-6364-4158-9EBC-ECA8455150D1}
		{EEF38D25-2BBF-4ED1-A8A1-21AFBDD36557} = {87D8F9DF-5330-4BAB-9653-0C16A249FC18}
		{62B2F3BA-B9B2-4D18-A1ED-6AA31B55C8A4} = {EEF38D25-2BBF-4ED1-A8A1-21AFBDD36557}
		{65882F60-3579-46E5-98FA-3390577BED40} = {5B19FBE2-E344-4CBD-A2E7-2F576E8809FD}
		{5DEF02ED-8D01-4121-8561-A2E40C85E492} = {A59EC4F1-6262-475A-8AC8-E2470B045601}
		{399B5C05-CE5D-4303-A3AC-92F5E2668C50} = {5DEF02ED-8D01-4121-8561-A2E40C85E492}
		{C30B91B1-BA03-4A09-B9B3-92C77F4DA067} = {5DEF02ED-8D01-4121-8561-A2E40C85E492}
		{71053134-0C51-421D-B025-D6929E0ACE3B} = {5DEF02ED-8D01-4121-8561-A2E40C85E492}
		{C2F417BC-5AED-4154-BA3B-4C32459BEAD3} = {5DEF02ED-8D01-4121-8561-A2E40C85E492}
		{B794754F-BC2D-447B-9051-8B9C080FDDD9} = {A59EC4F1-6262-475A-8AC8-E2470B045601}
		{5EFB76B1-0E4B-4F67-9BA0-C49ED2427387} = {B794754F-BC2D-447B-9051-8B9C080FDDD9}
	EndGlobalSection
EndGlobal
